
Microsoft Visual Studio Solution File, Format Version 12.00
# Visual Studio 15
VisualStudioVersion = 15.0.26430.16
MinimumVisualStudioVersion = 10.0.40219.1
Project("{FAE04EC0-301F-11D3-BF4B-00C04F79EFBC}") = "WebApplication3", "WebApplication3\WebApplication3.csproj", "{168894F7-58C8-4151-8089-FEEF3AE6D5E7}"
EndProject
Project("{FAE04EC0-301F-11D3-BF4B-00C04F79EFBC}") = "ViewDemo", "ViewDemo\ViewDemo.csproj", "{F87B9D5A-697A-4881-98AF-4AD434BDBA0E}"
EndProject
Project("{FAE04EC0-301F-11D3-BF4B-00C04F79EFBC}") = "sinav-test-uygulamasi", "sinav-test-uygulamasi\sinav-test-uygulamasi.csproj", "{48F13593-6255-473D-B180-4AC426E5A6D8}"
EndProject
Project("{2150E333-8FDC-42A3-9474-1A3956D46DE8}") = "Files", "Files", "{8AF684BC-AE0B-4F73-ABD8-8429F33A2953}"
	ProjectSection(SolutionItems) = preProject
		Db.sql = Db.sql
	EndProjectSection
EndProject
Global
	GlobalSection(SolutionConfigurationPlatforms) = preSolution
		Debug|Any CPU = Debug|Any CPU
		Release|Any CPU = Release|Any CPU
	EndGlobalSection
	GlobalSection(ProjectConfigurationPlatforms) = postSolution
		{168894F7-58C8-4151-8089-FEEF3AE6D5E7}.Debug|Any CPU.ActiveCfg = Debug|Any CPU
		{168894F7-58C8-4151-8089-FEEF3AE6D5E7}.Debug|Any CPU.Build.0 = Debug|Any CPU
		{168894F7-58C8-4151-8089-FEEF3AE6D5E7}.Release|Any CPU.ActiveCfg = Release|Any CPU
		{168894F7-58C8-4151-8089-FEEF3AE6D5E7}.Release|Any CPU.Build.0 = Release|Any CPU
		{F87B9D5A-697A-4881-98AF-4AD434BDBA0E}.Debug|Any CPU.ActiveCfg = Debug|Any CPU
		{F87B9D5A-697A-4881-98AF-4AD434BDBA0E}.Debug|Any CPU.Build.0 = Debug|Any CPU
		{F87B9D5A-697A-4881-98AF-4AD434BDBA0E}.Release|Any CPU.ActiveCfg = Release|Any CPU
		{F87B9D5A-697A-4881-98AF-4AD434BDBA0E}.Release|Any CPU.Build.0 = Release|Any CPU
		{48F13593-6255-473D-B180-4AC426E5A6D8}.Debug|Any CPU.ActiveCfg = Debug|Any CPU
		{48F13593-6255-473D-B180-4AC426E5A6D8}.Debug|Any CPU.Build.0 = Debug|Any CPU
		{48F13593-6255-473D-B180-4AC426E5A6D8}.Release|Any CPU.ActiveCfg = Release|Any CPU
		{48F13593-6255-473D-B180-4AC426E5A6D8}.Release|Any CPU.Build.0 = Release|Any CPU
	EndGlobalSection
	GlobalSection(SolutionProperties) = preSolution
		HideSolutionNode = FALSE
	EndGlobalSection
EndGlobal
